
Microsoft Visual Studio Solution File, Format Version 12.00
# Visual Studio Version 16
VisualStudioVersion = 16.0.30907.101
MinimumVisualStudioVersion = 10.0.40219.1
Project("{FAE04EC0-301F-11D3-BF4B-00C04F79EFBC}") = "ExpenseManager", "ExpenseManager\ExpenseManager.csproj", "{757D1070-CC4F-4510-B4B8-9CD05008F802}"
EndProject
Global
	GlobalSection(SolutionConfigurationPlatforms) = preSolution
		Debug|Any CPU = Debug|Any CPU
		Release|Any CPU = Release|Any CPU
	EndGlobalSection
	GlobalSection(ProjectConfigurationPlatforms) = postSolution
		{757D1070-CC4F-4510-B4B8-9CD05008F802}.Debug|Any CPU.ActiveCfg = Debug|Any CPU
		{757D1070-CC4F-4510-B4B8-9CD05008F802}.Debug|Any CPU.Build.0 = Debug|Any CPU
		{757D1070-CC4F-4510-B4B8-9CD05008F802}.Release|Any CPU.ActiveCfg = Release|Any CPU
		{757D1070-CC4F-4510-B4B8-9CD05008F802}.Release|Any CPU.Build.0 = Release|Any CPU
	EndGlobalSection
	GlobalSection(SolutionProperties) = preSolution
		HideSolutionNode = FALSE
	EndGlobalSection
	GlobalSection(ExtensibilityGlobals) = postSolution
		SolutionGuid = {DC7DCD48-2423-4933-8FE7-80B5A1E35C4E}
	EndGlobalSection
EndGlobal
